// !$*UTF8*$!
{
	archiveVersion = 1;
	classes = {
	};
	objectVersion = 46;
	objects = {

/* Begin PBXBuildFile section */
		13B07FBC1A68108700A75B9A /* AppDelegate.m in Sources */ = {isa = PBXBuildFile; fileRef = 13B07FB01A68108700A75B9A /* AppDelegate.m */; };
		13B07FBD1A68108700A75B9A /* LaunchScreen.xib in Resources */ = {isa = PBXBuildFile; fileRef = 13B07FB11A68108700A75B9A /* LaunchScreen.xib */; };
		13B07FBF1A68108700A75B9A /* Images.xcassets in Resources */ = {isa = PBXBuildFile; fileRef = 13B07FB51A68108700A75B9A /* Images.xcassets */; };
		13B07FC11A68108700A75B9A /* main.m in Sources */ = {isa = PBXBuildFile; fileRef = 13B07FB71A68108700A75B9A /* main.m */; };
		4C3C4BEDC88F8C8D47419E29 /* libPods-reactnative_multibundler.a in Frameworks */ = {isa = PBXBuildFile; fileRef = 22541A518A2A60EC3554DB8B /* libPods-reactnative_multibundler.a */; };
		4D28416223C5FF7100573740 /* XRNBundleLoadManager.m in Sources */ = {isa = PBXBuildFile; fileRef = 4D28416123C5FF7000573740 /* XRNBundleLoadManager.m */; };
		4D28417523C6260F00573740 /* index2.ios.bundle in Resources */ = {isa = PBXBuildFile; fileRef = 4D28417223C6260F00573740 /* index2.ios.bundle */; };
		4D28417623C6260F00573740 /* index.ios.bundle in Resources */ = {isa = PBXBuildFile; fileRef = 4D28417323C6260F00573740 /* index.ios.bundle */; };
		4D28417823C6261900573740 /* platform.ios.bundle in Resources */ = {isa = PBXBuildFile; fileRef = 4D28417723C6261900573740 /* platform.ios.bundle */; };
		4D28417A23C6C59000573740 /* libCodePush.a in Frameworks */ = {isa = PBXBuildFile; fileRef = 4D28417923C6C59000573740 /* libCodePush.a */; };
		4D28417C23C6C5B200573740 /* libz.tbd in Frameworks */ = {isa = PBXBuildFile; fileRef = 4D28417B23C6C5B200573740 /* libz.tbd */; };
		4DA078E923C7559600EA34D4 /* index3.ios.bundle in Resources */ = {isa = PBXBuildFile; fileRef = 4DA078E823C7559600EA34D4 /* index3.ios.bundle */; };
		8EC97BB8221D771D0002109C /* MainScreen.xib in Resources */ = {isa = PBXBuildFile; fileRef = 8EC97BB4221D771D0002109C /* MainScreen.xib */; };
		8EC97BBE221D7B460002109C /* assets in Resources */ = {isa = PBXBuildFile; fileRef = 8EC97BBC221D7B460002109C /* assets */; };
		ED297163215061F000B7C4FE /* JavaScriptCore.framework in Frameworks */ = {isa = PBXBuildFile; fileRef = ED297162215061F000B7C4FE /* JavaScriptCore.framework */; };
/* End PBXBuildFile section */

/* Begin PBXFileReference section */
		0123064EC8186571C2B9AD1F /* Pods-reactnative_multibundlerTests.release.xcconfig */ = {isa = PBXFileReference; includeInIndex = 1; lastKnownFileType = text.xcconfig; name = "Pods-reactnative_multibundlerTests.release.xcconfig"; path = "Target Support Files/Pods-reactnative_multibundlerTests/Pods-reactnative_multibundlerTests.release.xcconfig"; sourceTree = "<group>"; };
		13B07F961A680F5B00A75B9A /* reactnative_multibundler.app */ = {isa = PBXFileReference; explicitFileType = wrapper.application; includeInIndex = 0; path = reactnative_multibundler.app; sourceTree = BUILT_PRODUCTS_DIR; };
		13B07FAF1A68108700A75B9A /* AppDelegate.h */ = {isa = PBXFileReference; fileEncoding = 4; lastKnownFileType = sourcecode.c.h; name = AppDelegate.h; path = reactnative_multibundler/AppDelegate.h; sourceTree = "<group>"; };
		13B07FB01A68108700A75B9A /* AppDelegate.m */ = {isa = PBXFileReference; fileEncoding = 4; lastKnownFileType = sourcecode.c.objc; name = AppDelegate.m; path = reactnative_multibundler/AppDelegate.m; sourceTree = "<group>"; };
		13B07FB21A68108700A75B9A /* Base */ = {isa = PBXFileReference; lastKnownFileType = file.xib; name = Base; path = Base.lproj/LaunchScreen.xib; sourceTree = "<group>"; };
		13B07FB51A68108700A75B9A /* Images.xcassets */ = {isa = PBXFileReference; lastKnownFileType = folder.assetcatalog; name = Images.xcassets; path = reactnative_multibundler/Images.xcassets; sourceTree = "<group>"; };
		13B07FB61A68108700A75B9A /* Info.plist */ = {isa = PBXFileReference; fileEncoding = 4; lastKnownFileType = text.plist.xml; name = Info.plist; path = reactnative_multibundler/Info.plist; sourceTree = "<group>"; };
		13B07FB71A68108700A75B9A /* main.m */ = {isa = PBXFileReference; fileEncoding = 4; lastKnownFileType = sourcecode.c.objc; name = main.m; path = reactnative_multibundler/main.m; sourceTree = "<group>"; };
		1F08A3F11F8260BB14F7BBB3 /* libPods-reactnative_multibundler-tvOSTests.a */ = {isa = PBXFileReference; explicitFileType = archive.ar; includeInIndex = 0; path = "libPods-reactnative_multibundler-tvOSTests.a"; sourceTree = BUILT_PRODUCTS_DIR; };
		205FB4CA60C75E7CB5999C5E /* libPods-reactnative_multibundlerTests.a */ = {isa = PBXFileReference; explicitFileType = archive.ar; includeInIndex = 0; path = "libPods-reactnative_multibundlerTests.a"; sourceTree = BUILT_PRODUCTS_DIR; };
		22541A518A2A60EC3554DB8B /* libPods-reactnative_multibundler.a */ = {isa = PBXFileReference; explicitFileType = archive.ar; includeInIndex = 0; path = "libPods-reactnative_multibundler.a"; sourceTree = BUILT_PRODUCTS_DIR; };
		2D16E6891FA4F8E400B85C8A /* libReact.a */ = {isa = PBXFileReference; explicitFileType = archive.ar; path = libReact.a; sourceTree = BUILT_PRODUCTS_DIR; };
		2D4382F1A73B25DF1E59E8A9 /* Pods-reactnative_multibundlerTests.debug.xcconfig */ = {isa = PBXFileReference; includeInIndex = 1; lastKnownFileType = text.xcconfig; name = "Pods-reactnative_multibundlerTests.debug.xcconfig"; path = "Target Support Files/Pods-reactnative_multibundlerTests/Pods-reactnative_multibundlerTests.debug.xcconfig"; sourceTree = "<group>"; };
		3D253F9B8BE87E34A264015B /* Pods-reactnative_multibundler.debug.xcconfig */ = {isa = PBXFileReference; includeInIndex = 1; lastKnownFileType = text.xcconfig; name = "Pods-reactnative_multibundler.debug.xcconfig"; path = "Target Support Files/Pods-reactnative_multibundler/Pods-reactnative_multibundler.debug.xcconfig"; sourceTree = "<group>"; };
		4D28415F23C5FF7000573740 /* XRNBridge.h */ = {isa = PBXFileReference; fileEncoding = 4; lastKnownFileType = sourcecode.c.h; path = XRNBridge.h; sourceTree = "<group>"; };
		4D28416023C5FF7000573740 /* XRNBundleLoadManager.h */ = {isa = PBXFileReference; fileEncoding = 4; lastKnownFileType = sourcecode.c.h; path = XRNBundleLoadManager.h; sourceTree = "<group>"; };
		4D28416123C5FF7000573740 /* XRNBundleLoadManager.m */ = {isa = PBXFileReference; fileEncoding = 4; lastKnownFileType = sourcecode.c.objc; path = XRNBundleLoadManager.m; sourceTree = "<group>"; };
		4D28417223C6260F00573740 /* index2.ios.bundle */ = {isa = PBXFileReference; fileEncoding = 4; lastKnownFileType = text; path = index2.ios.bundle; sourceTree = "<group>"; };
		4D28417323C6260F00573740 /* index.ios.bundle */ = {isa = PBXFileReference; fileEncoding = 4; lastKnownFileType = text; path = index.ios.bundle; sourceTree = "<group>"; };
		4D28417723C6261900573740 /* platform.ios.bundle */ = {isa = PBXFileReference; fileEncoding = 4; lastKnownFileType = text; path = platform.ios.bundle; sourceTree = "<group>"; };
		4D28417923C6C59000573740 /* libCodePush.a */ = {isa = PBXFileReference; explicitFileType = archive.ar; path = libCodePush.a; sourceTree = BUILT_PRODUCTS_DIR; };
		4D28417B23C6C5B200573740 /* libz.tbd */ = {isa = PBXFileReference; lastKnownFileType = "sourcecode.text-based-dylib-definition"; name = libz.tbd; path = usr/lib/libz.tbd; sourceTree = SDKROOT; };
		4DA078E823C7559600EA34D4 /* index3.ios.bundle */ = {isa = PBXFileReference; fileEncoding = 4; lastKnownFileType = text; path = index3.ios.bundle; sourceTree = "<group>"; };
		60F661D1D2049F8115A6931C /* Pods-reactnative_multibundler-tvOS.release.xcconfig */ = {isa = PBXFileReference; includeInIndex = 1; lastKnownFileType = text.xcconfig; name = "Pods-reactnative_multibundler-tvOS.release.xcconfig"; path = "Target Support Files/Pods-reactnative_multibundler-tvOS/Pods-reactnative_multibundler-tvOS.release.xcconfig"; sourceTree = "<group>"; };
		61CCE38430D25FA7E31274DC /* libPods-reactnative_multibundler-tvOS.a */ = {isa = PBXFileReference; explicitFileType = archive.ar; includeInIndex = 0; path = "libPods-reactnative_multibundler-tvOS.a"; sourceTree = BUILT_PRODUCTS_DIR; };
		7E437F56C039FD7EE10DC929 /* Pods-reactnative_multibundler-tvOS.debug.xcconfig */ = {isa = PBXFileReference; includeInIndex = 1; lastKnownFileType = text.xcconfig; name = "Pods-reactnative_multibundler-tvOS.debug.xcconfig"; path = "Target Support Files/Pods-reactnative_multibundler-tvOS/Pods-reactnative_multibundler-tvOS.debug.xcconfig"; sourceTree = "<group>"; };
		8538CE9FF2D9650EFFBC2CB3 /* Pods-reactnative_multibundler-tvOSTests.debug.xcconfig */ = {isa = PBXFileReference; includeInIndex = 1; lastKnownFileType = text.xcconfig; name = "Pods-reactnative_multibundler-tvOSTests.debug.xcconfig"; path = "Target Support Files/Pods-reactnative_multibundler-tvOSTests/Pods-reactnative_multibundler-tvOSTests.debug.xcconfig"; sourceTree = "<group>"; };
		8EC97BB4221D771D0002109C /* MainScreen.xib */ = {isa = PBXFileReference; fileEncoding = 4; lastKnownFileType = file.xib; path = MainScreen.xib; sourceTree = "<group>"; };
		8EC97BBC221D7B460002109C /* assets */ = {isa = PBXFileReference; lastKnownFileType = folder; path = assets; sourceTree = "<group>"; };
		ABC7FB16EF34C65DFC30A547 /* Pods-reactnative_multibundler-tvOSTests.release.xcconfig */ = {isa = PBXFileReference; includeInIndex = 1; lastKnownFileType = text.xcconfig; name = "Pods-reactnative_multibundler-tvOSTests.release.xcconfig"; path = "Target Support Files/Pods-reactnative_multibundler-tvOSTests/Pods-reactnative_multibundler-tvOSTests.release.xcconfig"; sourceTree = "<group>"; };
		CE43A6DB94743125F3C68278 /* Pods-reactnative_multibundler.release.xcconfig */ = {isa = PBXFileReference; includeInIndex = 1; lastKnownFileType = text.xcconfig; name = "Pods-reactnative_multibundler.release.xcconfig"; path = "Target Support Files/Pods-reactnative_multibundler/Pods-reactnative_multibundler.release.xcconfig"; sourceTree = "<group>"; };
		ED297162215061F000B7C4FE /* JavaScriptCore.framework */ = {isa = PBXFileReference; lastKnownFileType = wrapper.framework; name = JavaScriptCore.framework; path = System/Library/Frameworks/JavaScriptCore.framework; sourceTree = SDKROOT; };
		ED2971642150620600B7C4FE /* JavaScriptCore.framework */ = {isa = PBXFileReference; lastKnownFileType = wrapper.framework; name = JavaScriptCore.framework; path = Platforms/AppleTVOS.platform/Developer/SDKs/AppleTVOS12.0.sdk/System/Library/Frameworks/JavaScriptCore.framework; sourceTree = DEVELOPER_DIR; };
/* End PBXFileReference section */

/* Begin PBXFrameworksBuildPhase section */
		13B07F8C1A680F5B00A75B9A /* Frameworks */ = {
			isa = PBXFrameworksBuildPhase;
			buildActionMask = 2147483647;
			files = (
				4D28417C23C6C5B200573740 /* libz.tbd in Frameworks */,
				4D28417A23C6C59000573740 /* libCodePush.a in Frameworks */,
				ED297163215061F000B7C4FE /* JavaScriptCore.framework in Frameworks */,
				4C3C4BEDC88F8C8D47419E29 /* libPods-reactnative_multibundler.a in Frameworks */,
			);
			runOnlyForDeploymentPostprocessing = 0;
		};
/* End PBXFrameworksBuildPhase section */

/* Begin PBXGroup section */
		13B07FAE1A68108700A75B9A /* reactnative_multibundler */ = {
			isa = PBXGroup;
			children = (
				4DA078E823C7559600EA34D4 /* index3.ios.bundle */,
				4D28417723C6261900573740 /* platform.ios.bundle */,
				4D28417323C6260F00573740 /* index.ios.bundle */,
				4D28417223C6260F00573740 /* index2.ios.bundle */,
				4D28415E23C5FF7000573740 /* XRN */,
				8EC97BBC221D7B460002109C /* assets */,
				8EC97BB4221D771D0002109C /* MainScreen.xib */,
				13B07FAF1A68108700A75B9A /* AppDelegate.h */,
				13B07FB01A68108700A75B9A /* AppDelegate.m */,
				13B07FB51A68108700A75B9A /* Images.xcassets */,
				13B07FB61A68108700A75B9A /* Info.plist */,
				13B07FB11A68108700A75B9A /* LaunchScreen.xib */,
				13B07FB71A68108700A75B9A /* main.m */,
			);
			name = reactnative_multibundler;
			sourceTree = "<group>";
		};
		2D16E6871FA4F8E400B85C8A /* Frameworks */ = {
			isa = PBXGroup;
			children = (
				4D28417B23C6C5B200573740 /* libz.tbd */,
				4D28417923C6C59000573740 /* libCodePush.a */,
				ED297162215061F000B7C4FE /* JavaScriptCore.framework */,
				ED2971642150620600B7C4FE /* JavaScriptCore.framework */,
				2D16E6891FA4F8E400B85C8A /* libReact.a */,
				22541A518A2A60EC3554DB8B /* libPods-reactnative_multibundler.a */,
				61CCE38430D25FA7E31274DC /* libPods-reactnative_multibundler-tvOS.a */,
				1F08A3F11F8260BB14F7BBB3 /* libPods-reactnative_multibundler-tvOSTests.a */,
				205FB4CA60C75E7CB5999C5E /* libPods-reactnative_multibundlerTests.a */,
			);
			name = Frameworks;
			sourceTree = "<group>";
		};
		4D28415E23C5FF7000573740 /* XRN */ = {
			isa = PBXGroup;
			children = (
				4D28415F23C5FF7000573740 /* XRNBridge.h */,
				4D28416023C5FF7000573740 /* XRNBundleLoadManager.h */,
				4D28416123C5FF7000573740 /* XRNBundleLoadManager.m */,
			);
			name = XRN;
			path = ../XRNTest/ios/XRNApp/XRN;
			sourceTree = "<group>";
		};
		7BFD4C11D3268FC10EFEB3EB /* Pods */ = {
			isa = PBXGroup;
			children = (
				3D253F9B8BE87E34A264015B /* Pods-reactnative_multibundler.debug.xcconfig */,
				CE43A6DB94743125F3C68278 /* Pods-reactnative_multibundler.release.xcconfig */,
				7E437F56C039FD7EE10DC929 /* Pods-reactnative_multibundler-tvOS.debug.xcconfig */,
				60F661D1D2049F8115A6931C /* Pods-reactnative_multibundler-tvOS.release.xcconfig */,
				8538CE9FF2D9650EFFBC2CB3 /* Pods-reactnative_multibundler-tvOSTests.debug.xcconfig */,
				ABC7FB16EF34C65DFC30A547 /* Pods-reactnative_multibundler-tvOSTests.release.xcconfig */,
				2D4382F1A73B25DF1E59E8A9 /* Pods-reactnative_multibundlerTests.debug.xcconfig */,
				0123064EC8186571C2B9AD1F /* Pods-reactnative_multibundlerTests.release.xcconfig */,
			);
			path = Pods;
			sourceTree = "<group>";
		};
		832341AE1AAA6A7D00B99B32 /* Libraries */ = {
			isa = PBXGroup;
			children = (
			);
			name = Libraries;
			sourceTree = "<group>";
		};
		83CBB9F61A601CBA00E9B192 = {
			isa = PBXGroup;
			children = (
				13B07FAE1A68108700A75B9A /* reactnative_multibundler */,
				832341AE1AAA6A7D00B99B32 /* Libraries */,
				83CBBA001A601CBA00E9B192 /* Products */,
				2D16E6871FA4F8E400B85C8A /* Frameworks */,
				7BFD4C11D3268FC10EFEB3EB /* Pods */,
			);
			indentWidth = 2;
			sourceTree = "<group>";
			tabWidth = 2;
			usesTabs = 0;
		};
		83CBBA001A601CBA00E9B192 /* Products */ = {
			isa = PBXGroup;
			children = (
				13B07F961A680F5B00A75B9A /* reactnative_multibundler.app */,
			);
			name = Products;
			sourceTree = "<group>";
		};
/* End PBXGroup section */

/* Begin PBXNativeTarget section */
		13B07F861A680F5B00A75B9A /* reactnative_multibundler */ = {
			isa = PBXNativeTarget;
			buildConfigurationList = 13B07F931A680F5B00A75B9A /* Build configuration list for PBXNativeTarget "reactnative_multibundler" */;
			buildPhases = (
				B7ECAA547CA4E3F1D2F92554 /* [CP] Check Pods Manifest.lock */,
				13B07F871A680F5B00A75B9A /* Sources */,
				13B07F8C1A680F5B00A75B9A /* Frameworks */,
				13B07F8E1A680F5B00A75B9A /* Resources */,
				00DD1BFF1BD5951E006B06BC /* Bundle React Native code and images */,
			);
			buildRules = (
			);
			dependencies = (
			);
			name = reactnative_multibundler;
			productName = "Hello World";
			productReference = 13B07F961A680F5B00A75B9A /* reactnative_multibundler.app */;
			productType = "com.apple.product-type.application";
		};
/* End PBXNativeTarget section */

/* Begin PBXProject section */
		83CBB9F71A601CBA00E9B192 /* Project object */ = {
			isa = PBXProject;
			attributes = {
				LastUpgradeCheck = 0940;
				ORGANIZATIONNAME = Facebook;
			};
			buildConfigurationList = 83CBB9FA1A601CBA00E9B192 /* Build configuration list for PBXProject "reactnative_multibundler" */;
			compatibilityVersion = "Xcode 3.2";
			developmentRegion = English;
			hasScannedForEncodings = 0;
			knownRegions = (
				English,
				en,
				Base,
			);
			mainGroup = 83CBB9F61A601CBA00E9B192;
			productRefGroup = 83CBBA001A601CBA00E9B192 /* Products */;
			projectDirPath = "";
			projectRoot = "";
			targets = (
				13B07F861A680F5B00A75B9A /* reactnative_multibundler */,
			);
		};
/* End PBXProject section */

/* Begin PBXResourcesBuildPhase section */
		13B07F8E1A680F5B00A75B9A /* Resources */ = {
			isa = PBXResourcesBuildPhase;
			buildActionMask = 2147483647;
			files = (
				8EC97BB8221D771D0002109C /* MainScreen.xib in Resources */,
				4D28417823C6261900573740 /* platform.ios.bundle in Resources */,
				4D28417623C6260F00573740 /* index.ios.bundle in Resources */,
				4D28417523C6260F00573740 /* index2.ios.bundle in Resources */,
				8EC97BBE221D7B460002109C /* assets in Resources */,
				4DA078E923C7559600EA34D4 /* index3.ios.bundle in Resources */,
				13B07FBF1A68108700A75B9A /* Images.xcassets in Resources */,
				13B07FBD1A68108700A75B9A /* LaunchScreen.xib in Resources */,
			);
			runOnlyForDeploymentPostprocessing = 0;
		};
/* End PBXResourcesBuildPhase section */

/* Begin PBXShellScriptBuildPhase section */
		00DD1BFF1BD5951E006B06BC /* Bundle React Native code and images */ = {
			isa = PBXShellScriptBuildPhase;
			buildActionMask = 2147483647;
			files = (
			);
			inputPaths = (
			);
			name = "Bundle React Native code and images";
			outputPaths = (
			);
			runOnlyForDeploymentPostprocessing = 0;
			shellPath = /bin/sh;
			shellScript = "export NODE_BINARY=node\n../node_modules/react-native/scripts/react-native-xcode.sh\n";
		};
		B7ECAA547CA4E3F1D2F92554 /* [CP] Check Pods Manifest.lock */ = {
			isa = PBXShellScriptBuildPhase;
			buildActionMask = 2147483647;
			files = (
			);
			inputFileListPaths = (
			);
			inputPaths = (
				"${PODS_PODFILE_DIR_PATH}/Podfile.lock",
				"${PODS_ROOT}/Manifest.lock",
			);
			name = "[CP] Check Pods Manifest.lock";
			outputFileListPaths = (
			);
			outputPaths = (
				"$(DERIVED_FILE_DIR)/Pods-reactnative_multibundler-checkManifestLockResult.txt",
			);
			runOnlyForDeploymentPostprocessing = 0;
			shellPath = /bin/sh;
			shellScript = "diff \"${PODS_PODFILE_DIR_PATH}/Podfile.lock\" \"${PODS_ROOT}/Manifest.lock\" > /dev/null\nif [ $? != 0 ] ; then\n    # print error to STDERR\n    echo \"error: The sandbox is not in sync with the Podfile.lock. Run 'pod install' or update your CocoaPods installation.\" >&2\n    exit 1\nfi\n# This output is used by Xcode 'outputs' to avoid re-running this script phase.\necho \"SUCCESS\" > \"${SCRIPT_OUTPUT_FILE_0}\"\n";
			showEnvVarsInLog = 0;
		};
/* End PBXShellScriptBuildPhase section */

/* Begin PBXSourcesBuildPhase section */
		13B07F871A680F5B00A75B9A /* Sources */ = {
			isa = PBXSourcesBuildPhase;
			buildActionMask = 2147483647;
			files = (
				4D28416223C5FF7100573740 /* XRNBundleLoadManager.m in Sources */,
				13B07FBC1A68108700A75B9A /* AppDelegate.m in Sources */,
				13B07FC11A68108700A75B9A /* main.m in Sources */,
			);
			runOnlyForDeploymentPostprocessing = 0;
		};
/* End PBXSourcesBuildPhase section */

/* Begin PBXVariantGroup section */
		13B07FB11A68108700A75B9A /* LaunchScreen.xib */ = {
			isa = PBXVariantGroup;
			children = (
				13B07FB21A68108700A75B9A /* Base */,
			);
			name = LaunchScreen.xib;
			path = reactnative_multibundler;
			sourceTree = "<group>";
		};
/* End PBXVariantGroup section */

/* Begin XCBuildConfiguration section */
		13B07F941A680F5B00A75B9A /* Debug */ = {
			isa = XCBuildConfiguration;
			baseConfigurationReference = 3D253F9B8BE87E34A264015B /* Pods-reactnative_multibundler.debug.xcconfig */;
			buildSettings = {
				ASSETCATALOG_COMPILER_APPICON_NAME = AppIcon;
				CURRENT_PROJECT_VERSION = 1;
				DEAD_CODE_STRIPPING = NO;
				INFOPLIST_FILE = reactnative_multibundler/Info.plist;
				IPHONEOS_DEPLOYMENT_TARGET = 11.0;
				LD_RUNPATH_SEARCH_PATHS = "$(inherited) @executable_path/Frameworks";
				OTHER_LDFLAGS = (
					"$(inherited)",
					"-ObjC",
					"-lc++",
				);
				PRODUCT_BUNDLE_IDENTIFIER = "org.reactjs.native.example.$(PRODUCT_NAME:rfc1034identifier)";
				PRODUCT_NAME = reactnative_multibundler;
				VERSIONING_SYSTEM = "apple-generic";
			};
			name = Debug;
		};
		13B07F951A680F5B00A75B9A /* Release */ = {
			isa = XCBuildConfiguration;
			baseConfigurationReference = CE43A6DB94743125F3C68278 /* Pods-reactnative_multibundler.release.xcconfig */;
			buildSettings = {
				ASSETCATALOG_COMPILER_APPICON_NAME = AppIcon;
				CURRENT_PROJECT_VERSION = 1;
				INFOPLIST_FILE = reactnative_multibundler/Info.plist;
				IPHONEOS_DEPLOYMENT_TARGET = 11.0;
				LD_RUNPATH_SEARCH_PATHS = "$(inherited) @executable_path/Frameworks";
				OTHER_LDFLAGS = (
					"$(inherited)",
					"-ObjC",
					"-lc++",
				);
				PRODUCT_BUNDLE_IDENTIFIER = "org.reactjs.native.example.$(PRODUCT_NAME:rfc1034identifier)";
				PRODUCT_NAME = reactnative_multibundler;
				VERSIONING_SYSTEM = "apple-generic";
			};
			name = Release;
		};
		83CBBA201A601CBA00E9B192 /* Debug */ = {
			isa = XCBuildConfiguration;
			buildSettings = {
				ALWAYS_SEARCH_USER_PATHS = NO;
				CLANG_CXX_LANGUAGE_STANDARD = "gnu++0x";
				CLANG_CXX_LIBRARY = "libc++";
				CLANG_ENABLE_MODULES = YES;
				CLANG_ENABLE_OBJC_ARC = YES;
				CLANG_WARN_BLOCK_CAPTURE_AUTORELEASING = YES;
				CLANG_WARN_BOOL_CONVERSION = YES;
				CLANG_WARN_COMMA = YES;
				CLANG_WARN_CONSTANT_CONVERSION = YES;
				CLANG_WARN_DEPRECATED_OBJC_IMPLEMENTATIONS = YES;
				CLANG_WARN_DIRECT_OBJC_ISA_USAGE = YES_ERROR;
				CLANG_WARN_EMPTY_BODY = YES;
				CLANG_WARN_ENUM_CONVERSION = YES;
				CLANG_WARN_INFINITE_RECURSION = YES;
				CLANG_WARN_INT_CONVERSION = YES;
				CLANG_WARN_NON_LITERAL_NULL_CONVERSION = YES;
				CLANG_WARN_OBJC_IMPLICIT_RETAIN_SELF = YES;
				CLANG_WARN_OBJC_LITERAL_CONVERSION = YES;
				CLANG_WARN_OBJC_ROOT_CLASS = YES_ERROR;
				CLANG_WARN_RANGE_LOOP_ANALYSIS = YES;
				CLANG_WARN_STRICT_PROTOTYPES = YES;
				CLANG_WARN_SUSPICIOUS_MOVE = YES;
				CLANG_WARN_UNREACHABLE_CODE = YES;
				CLANG_WARN__DUPLICATE_METHOD_MATCH = YES;
				"CODE_SIGN_IDENTITY[sdk=iphoneos*]" = "iPhone Developer";
				COPY_PHASE_STRIP = NO;
				ENABLE_STRICT_OBJC_MSGSEND = YES;
				ENABLE_TESTABILITY = YES;
				GCC_C_LANGUAGE_STANDARD = gnu99;
				GCC_DYNAMIC_NO_PIC = NO;
				GCC_NO_COMMON_BLOCKS = YES;
				GCC_OPTIMIZATION_LEVEL = 0;
				GCC_PREPROCESSOR_DEFINITIONS = (
					"DEBUG=1",
					"$(inherited)",
				);
				GCC_SYMBOLS_PRIVATE_EXTERN = NO;
				GCC_WARN_64_TO_32_BIT_CONVERSION = YES;
				GCC_WARN_ABOUT_RETURN_TYPE = YES_ERROR;
				GCC_WARN_UNDECLARED_SELECTOR = YES;
				GCC_WARN_UNINITIALIZED_AUTOS = YES_AGGRESSIVE;
				GCC_WARN_UNUSED_FUNCTION = YES;
				GCC_WARN_UNUSED_VARIABLE = YES;
				IPHONEOS_DEPLOYMENT_TARGET = 11.0;
				MTL_ENABLE_DEBUG_INFO = YES;
				ONLY_ACTIVE_ARCH = YES;
				SDKROOT = iphoneos;
			};
			name = Debug;
		};
		83CBBA211A601CBA00E9B192 /* Release */ = {
			isa = XCBuildConfiguration;
			buildSettings = {
				ALWAYS_SEARCH_USER_PATHS = NO;
				CLANG_CXX_LANGUAGE_STANDARD = "gnu++0x";
				CLANG_CXX_LIBRARY = "libc++";
				CLANG_ENABLE_MODULES = YES;
				CLANG_ENABLE_OBJC_ARC = YES;
				CLANG_WARN_BLOCK_CAPTURE_AUTORELEASING = YES;
				CLANG_WARN_BOOL_CONVERSION = YES;
				CLANG_WARN_COMMA = YES;
				CLANG_WARN_CONSTANT_CONVERSION = YES;
				CLANG_WARN_DEPRECATED_OBJC_IMPLEMENTATIONS = YES;
				CLANG_WARN_DIRECT_OBJC_ISA_USAGE = YES_ERROR;
				CLANG_WARN_EMPTY_BODY = YES;
				CLANG_WARN_ENUM_CONVERSION = YES;
				CLANG_WARN_INFINITE_RECURSION = YES;
				CLANG_WARN_INT_CONVERSION = YES;
				CLANG_WARN_NON_LITERAL_NULL_CONVERSION = YES;
				CLANG_WARN_OBJC_IMPLICIT_RETAIN_SELF = YES;
				CLANG_WARN_OBJC_LITERAL_CONVERSION = YES;
				CLANG_WARN_OBJC_ROOT_CLASS = YES_ERROR;
				CLANG_WARN_RANGE_LOOP_ANALYSIS = YES;
				CLANG_WARN_STRICT_PROTOTYPES = YES;
				CLANG_WARN_SUSPICIOUS_MOVE = YES;
				CLANG_WARN_UNREACHABLE_CODE = YES;
				CLANG_WARN__DUPLICATE_METHOD_MATCH = YES;
				"CODE_SIGN_IDENTITY[sdk=iphoneos*]" = "iPhone Developer";
				COPY_PHASE_STRIP = YES;
				ENABLE_NS_ASSERTIONS = NO;
				ENABLE_STRICT_OBJC_MSGSEND = YES;
				GCC_C_LANGUAGE_STANDARD = gnu99;
				GCC_NO_COMMON_BLOCKS = YES;
				GCC_WARN_64_TO_32_BIT_CONVERSION = YES;
				GCC_WARN_ABOUT_RETURN_TYPE = YES_ERROR;
				GCC_WARN_UNDECLARED_SELECTOR = YES;
				GCC_WARN_UNINITIALIZED_AUTOS = YES_AGGRESSIVE;
				GCC_WARN_UNUSED_FUNCTION = YES;
				GCC_WARN_UNUSED_VARIABLE = YES;
				IPHONEOS_DEPLOYMENT_TARGET = 11.0;
				MTL_ENABLE_DEBUG_INFO = NO;
				SDKROOT = iphoneos;
				VALIDATE_PRODUCT = YES;
			};
			name = Release;
		};
/* End XCBuildConfiguration section */

/* Begin XCConfigurationList section */
		13B07F931A680F5B00A75B9A /* Build configuration list for PBXNativeTarget "reactnative_multibundler" */ = {
			isa = XCConfigurationList;
			buildConfigurations = (
				13B07F941A680F5B00A75B9A /* Debug */,
				13B07F951A680F5B00A75B9A /* Release */,
			);
			defaultConfigurationIsVisible = 0;
			defaultConfigurationName = Release;
		};
		83CBB9FA1A601CBA00E9B192 /* Build configuration list for PBXProject "reactnative_multibundler" */ = {
			isa = XCConfigurationList;
			buildConfigurations = (
				83CBBA201A601CBA00E9B192 /* Debug */,
				83CBBA211A601CBA00E9B192 /* Release */,
			);
			defaultConfigurationIsVisible = 0;
			defaultConfigurationName = Release;
		};
/* End XCConfigurationList section */
	};
	rootObject = 83CBB9F71A601CBA00E9B192 /* Project object */;
}
